
Microsoft Visual Studio Solution File, Format Version 12.00
# Visual Studio Version 17
VisualStudioVersion = 17.8.34330.188
MinimumVisualStudioVersion = 10.0.40219.1
Project("{2150E333-8FDC-42A3-9474-1A3956D46DE8}") = "src", "src", "{8C1B3D2A-5E7F-4A90-B1C2-3D4E5F6A7B80}"
EndProject
Project("{2150E333-8FDC-42A3-9474-1A3956D46DE8}") = "tests", "tests", "{9D2C4E3B-6F80-4BA1-C2D3-4E5F6A7B8C91}"
EndProject
Project("{2150E333-8FDC-42A3-9474-1A3956D46DE8}") = "Solution Items", "Solution Items", "{AE3D5F4C-7091-4CB2-D3E4-5F6A7B8C9DA2}"
	ProjectSection(SolutionItems) = preProject
		.gitignore = .gitignore
		README.md = README.md
		.github\workflows\build.yml = .github\workflows\build.yml
	EndProjectSection
EndProject
Project("{9A19103F-16F7-4668-BE54-9A1E7A4F7556}") = "Uncage", "Uncage\Uncage.csproj", "{BB92A6BB-C988-41CA-8416-580ED777839F}"
EndProject
Project("{9A19103F-16F7-4668-BE54-9A1E7A4F7556}") = "Uncage.Core", "Uncage.Core\Uncage.Core.csproj", "{5953838B-3251-4012-B46D-65358F6DFEAC}"
EndProject
Project("{9A19103F-16F7-4668-BE54-9A1E7A4F7556}") = "Uncage.Core.Tests", "Uncage.Core.Tests\Uncage.Core.Tests.csproj", "{B348BF53-3C69-4CB4-A57A-25FF54B5554D}"
EndProject
Global
	GlobalSection(SolutionConfigurationPlatforms) = preSolution
		Debug|Any CPU = Debug|Any CPU
		Release|Any CPU = Release|Any CPU
	EndGlobalSection
	GlobalSection(ProjectConfigurationPlatforms) = postSolution
		{BB92A6BB-C988-41CA-8416-580ED777839F}.Debug|Any CPU.ActiveCfg = Debug|Any CPU
		{BB92A6BB-C988-41CA-8416-580ED777839F}.Debug|Any CPU.Build.0 = Debug|Any CPU
		{BB92A6BB-C988-41CA-8416-580ED777839F}.Debug|Any CPU.Deploy.0 = Debug|Any CPU
		{BB92A6BB-C988-41CA-8416-580ED777839F}.Release|Any CPU.ActiveCfg = Release|Any CPU
		{BB92A6BB-C988-41CA-8416-580ED777839F}.Release|Any CPU.Build.0 = Release|Any CPU
		{BB92A6BB-C988-41CA-8416-580ED777839F}.Release|Any CPU.Deploy.0 = Release|Any CPU
		{5953838B-3251-4012-B46D-65358F6DFEAC}.Debug|Any CPU.ActiveCfg = Debug|Any CPU
		{5953838B-3251-4012-B46D-65358F6DFEAC}.Debug|Any CPU.Build.0 = Debug|Any CPU
		{5953838B-3251-4012-B46D-65358F6DFEAC}.Release|Any CPU.ActiveCfg = Release|Any CPU
		{5953838B-3251-4012-B46D-65358F6DFEAC}.Release|Any CPU.Build.0 = Release|Any CPU
		{B348BF53-3C69-4CB4-A57A-25FF54B5554D}.Debug|Any CPU.ActiveCfg = Debug|Any CPU
		{B348BF53-3C69-4CB4-A57A-25FF54B5554D}.Debug|Any CPU.Build.0 = Debug|Any CPU
		{B348BF53-3C69-4CB4-A57A-25FF54B5554D}.Release|Any CPU.ActiveCfg = Release|Any CPU
		{B348BF53-3C69-4CB4-A57A-25FF54B5554D}.Release|Any CPU.Build.0 = Release|Any CPU
	EndGlobalSection
	GlobalSection(SolutionProperties) = preSolution
		HideSolutionNode = FALSE
	EndGlobalSection
	GlobalSection(NestedProjects) = preSolution
		{BB92A6BB-C988-41CA-8416-580ED777839F} = {8C1B3D2A-5E7F-4A90-B1C2-3D4E5F6A7B80}
		{5953838B-3251-4012-B46D-65358F6DFEAC} = {8C1B3D2A-5E7F-4A90-B1C2-3D4E5F6A7B80}
		{B348BF53-3C69-4CB4-A57A-25FF54B5554D} = {9D2C4E3B-6F80-4BA1-C2D3-4E5F6A7B8C91}
	EndGlobalSection
	GlobalSection(ExtensibilityGlobals) = postSolution
		SolutionGuid = {C3F1A2B4-0D5E-4F6A-9B7C-8D9E0F1A2B3C}
	EndGlobalSection
EndGlobal
